// !$*UTF8*$!
{
	archiveVersion = 1;
	classes = {
	};
	objectVersion = 77;
	objects = {

/* Begin PBXBuildFile section */
		0093C21321F7521D38AF99D3 /* Assets.xcassets in Resources */ = {isa = PBXBuildFile; fileRef = CCF9FD3FC9D95230E9390295 /* Assets.xcassets */; };
		013BBFA03FB4FBAEC49AEC68 /* ReflectionFormView.swift in Sources */ = {isa = PBXBuildFile; fileRef = 67E63BAAE2E6E6E7B901C53F /* ReflectionFormView.swift */; };
		02B10DD492BB40E914814603 /* QuickStatsView.swift in Sources */ = {isa = PBXBuildFile; fileRef = 42DF12417DA900E106F77CE9 /* QuickStatsView.swift */; };
		05C34778BE561C1120E5EDB6 /* GoalDomain.swift in Sources */ = {isa = PBXBuildFile; fileRef = B748FC145D8AFDB12B28EDE3 /* GoalDomain.swift */; };
		0E52B9416614A9425F2A8FBE /* SnapshotBuilder.swift in Sources */ = {isa = PBXBuildFile; fileRef = 671B9B4705A3549951558745 /* SnapshotBuilder.swift */; };
		17E6E11A685678AE4A8BEFCC /* ScaffoldingService.swift in Sources */ = {isa = PBXBuildFile; fileRef = A4004EE008BD6D70D44DF2FA /* ScaffoldingService.swift */; };
		1880BD72388E65521276FB3A /* MentorView.swift in Sources */ = {isa = PBXBuildFile; fileRef = 667F065818028B3C2D921079 /* MentorView.swift */; };
		1B9416E7F33F9795521C5481 /* PulseScoreCalculator.swift in Sources */ = {isa = PBXBuildFile; fileRef = D82CCB659A2B7FAAAADBB3B4 /* PulseScoreCalculator.swift */; };
		1BA8B68F4A3816AFDA505B61 /* AssessmentFlowView.swift in Sources */ = {isa = PBXBuildFile; fileRef = B8D8C1F4A2DBFE2EA96A5863 /* AssessmentFlowView.swift */; };
		1F8A1E1EA102D6C80718A641 /* Goal.swift in Sources */ = {isa = PBXBuildFile; fileRef = 99293D596B35EC9D61FFE9E2 /* Goal.swift */; };
		202B2A27F8A5F62BE84EB01E /* HonestMirrorView.swift in Sources */ = {isa = PBXBuildFile; fileRef = 5AAB2BDBA51600EC90D23C79 /* HonestMirrorView.swift */; };
		2388185131310E0E214A881F /* DeviceActivityMonitorExtension.swift in Sources */ = {isa = PBXBuildFile; fileRef = 420BFB646EE93A1A310BA415 /* DeviceActivityMonitorExtension.swift */; };
		23D30FEF3895CE79E050A119 /* IntegrationManager.swift in Sources */ = {isa = PBXBuildFile; fileRef = 198A33E9CED2D0772100C550 /* IntegrationManager.swift */; };
		24FDA9B6ABFF5CB69741C235 /* AIService.swift in Sources */ = {isa = PBXBuildFile; fileRef = 9EE9BC2C6D2DB031A788193C /* AIService.swift */; };
		25BCD30136EDBDDADB9F9EBA /* ReflectView.swift in Sources */ = {isa = PBXBuildFile; fileRef = 73107790D53825C77448FC4E /* ReflectView.swift */; };
		275B6E00406F18ECBF29EA34 /* PaywallView.swift in Sources */ = {isa = PBXBuildFile; fileRef = FF0078242D4C8C835AAF607D /* PaywallView.swift */; };
		2808079C5A85336AED273C59 /* IntegrationSnapshot.swift in Sources */ = {isa = PBXBuildFile; fileRef = 962DA761E1ACAE2227706D41 /* IntegrationSnapshot.swift */; };
		2CABC22C4FB5FEFC5B6AF2CC /* WorkStylePickerView.swift in Sources */ = {isa = PBXBuildFile; fileRef = 11B9E7F9C90C4E5DC88D1E77 /* WorkStylePickerView.swift */; };
		2F2D10F9D9FCB47C08357338 /* AddGoalView.swift in Sources */ = {isa = PBXBuildFile; fileRef = 097D73995EC9BBD4FF1739A4 /* AddGoalView.swift */; };
		331B02D2EB6C3B1FFF162090 /* AmbidashTheme.swift in Sources */ = {isa = PBXBuildFile; fileRef = E3DBC8F6AC246D974F0209D8 /* AmbidashTheme.swift */; };
		34AA7E63B7BF264A58D392C9 /* DeviceActivity.framework in Frameworks */ = {isa = PBXBuildFile; fileRef = F03206FDBB4076414660C33D /* DeviceActivity.framework */; };
		34FD720A94B510E303172982 /* GoalStatus.swift in Sources */ = {isa = PBXBuildFile; fileRef = D45E866B8C0DAA8861F70564 /* GoalStatus.swift */; };
		3F0A99685AE6C9DB9DCE79E2 /* WeeklyReviewView.swift in Sources */ = {isa = PBXBuildFile; fileRef = 8A8718928D7E27FCE4BC3824 /* WeeklyReviewView.swift */; };
		40421C6CA3534056AF5ADBD5 /* DailyPlan.swift in Sources */ = {isa = PBXBuildFile; fileRef = E54C8F7D558E93707C5C545A /* DailyPlan.swift */; };
		42BD5F61ED1D3732E47473BE /* MonthlyReviewView.swift in Sources */ = {isa = PBXBuildFile; fileRef = 32B969A7D316C8F46CCDA2EE /* MonthlyReviewView.swift */; };
		454505233B70E8234667734E /* OnboardingCompleteView.swift in Sources */ = {isa = PBXBuildFile; fileRef = DE95BEBDD012D7AFC4BFEE10 /* OnboardingCompleteView.swift */; };
		45BF4289781912862F0C468E /* DailySummaryView.swift in Sources */ = {isa = PBXBuildFile; fileRef = BD1C20936A96FD9868586F75 /* DailySummaryView.swift */; };
		4669AF4D42EFE3C7C2B722AD /* GoalDeclarationView.swift in Sources */ = {isa = PBXBuildFile; fileRef = 83302B08A2C9BF4EA6CE66ED /* GoalDeclarationView.swift */; };
		486BCE0D12B5DB253DFD1595 /* FocusGuardView.swift in Sources */ = {isa = PBXBuildFile; fileRef = DCDB2D5CC80B55EA184C74EC /* FocusGuardView.swift */; };
		48AF52AD1EAB3CA54801F763 /* ActionRow.swift in Sources */ = {isa = PBXBuildFile; fileRef = BC7B874FEB8C7A81FF93AD44 /* ActionRow.swift */; };
		4BDDB06FAAC8CF015BBE0565 /* SkipAnalysisService.swift in Sources */ = {isa = PBXBuildFile; fileRef = F9029079DA9843B1733B7A26 /* SkipAnalysisService.swift */; };
		4E793F43F77306F5E866ABCC /* MainTabView.swift in Sources */ = {isa = PBXBuildFile; fileRef = E4F4231A3DF75758EE3BA8D1 /* MainTabView.swift */; };
		4EBEC68E0B32FBD6E4E19CBD /* Components.swift in Sources */ = {isa = PBXBuildFile; fileRef = 079C72EA0A694EB8858FDFBC /* Components.swift */; };
		51F95F75A464BD2C74FB13FC /* WelcomeView.swift in Sources */ = {isa = PBXBuildFile; fileRef = 6CBA3CF05356C43A16071009 /* WelcomeView.swift */; };
		523116C7FB5732C11AF149E1 /* GoalTests.swift in Sources */ = {isa = PBXBuildFile; fileRef = FEC7C1D2348F9C0FA3C57D9C /* GoalTests.swift */; };
		58D8E428D5A2B4FC638FA3C8 /* MentorFeedback.swift in Sources */ = {isa = PBXBuildFile; fileRef = 7ED83FA257C1D0AE6515DFC4 /* MentorFeedback.swift */; };
		6096EDCF76376AF5B685B038 /* PulseScoreView.swift in Sources */ = {isa = PBXBuildFile; fileRef = A5814DA0A6050161ED197CBC /* PulseScoreView.swift */; };
		60C2E35CE35FEA13BBECB005 /* NotionService.swift in Sources */ = {isa = PBXBuildFile; fileRef = 3FC183A57A063887061AA22C /* NotionService.swift */; };
		636A5873CB39E24586D37034 /* SubscriptionService.swift in Sources */ = {isa = PBXBuildFile; fileRef = D3FABF1DD8803FB51DBD8ECD /* SubscriptionService.swift */; };
		637813F66460983915A480D0 /* SanityTests.swift in Sources */ = {isa = PBXBuildFile; fileRef = BB53322A625D21C309B8444F /* SanityTests.swift */; };
		6ED1E00B86F4364ACC9479EC /* AssessmentQuestionView.swift in Sources */ = {isa = PBXBuildFile; fileRef = 89A95307873AA574033BE1DC /* AssessmentQuestionView.swift */; };
		70849E13A9A45DEE1B248606 /* PlanFormat.swift in Sources */ = {isa = PBXBuildFile; fileRef = 5CFCFCEBE1F67A57F743D718 /* PlanFormat.swift */; };
		74DF8BD7BF6CFCD9028DB781 /* PlanGeneratorTests.swift in Sources */ = {isa = PBXBuildFile; fileRef = 30BD4D96F1AD5BC044A123D8 /* PlanGeneratorTests.swift */; };
		7E778DD61C63656D724DC527 /* ManagedSettings.framework in Frameworks */ = {isa = PBXBuildFile; fileRef = 009036D3AB170DBC5C917DD4 /* ManagedSettings.framework */; };
		7EC47396C51CCE81CED961CA /* DashboardView.swift in Sources */ = {isa = PBXBuildFile; fileRef = 09115618227349FA26D9E136 /* DashboardView.swift */; };
		83916156AA043F544442BCC8 /* DomainAssessmentQuestions.swift in Sources */ = {isa = PBXBuildFile; fileRef = A54A9BFF9287FAC9BE85BE5C /* DomainAssessmentQuestions.swift */; };
		87C3AE7CC9AF7F96FCA6BA0C /* GoalDetailView.swift in Sources */ = {isa = PBXBuildFile; fileRef = 0DE6A075761C5F7C13EF2BE1 /* GoalDetailView.swift */; };
		881E5E27FE3684D31251CB79 /* PriorityListView.swift in Sources */ = {isa = PBXBuildFile; fileRef = CEADC98E3A42D24399274700 /* PriorityListView.swift */; };
		8A6263086A34BF80EAFE1BDA /* TodayView.swift in Sources */ = {isa = PBXBuildFile; fileRef = 36F3135818AB6A21667C3011 /* TodayView.swift */; };
		8C8DB641A91C670FC1AA069B /* LifeDimension.swift in Sources */ = {isa = PBXBuildFile; fileRef = BED6CAF811845880023A84FC /* LifeDimension.swift */; };
		95AB685CED015CDD01A32795 /* PulseScoreCalculatorTests.swift in Sources */ = {isa = PBXBuildFile; fileRef = 182A26D142678147B1F2B091 /* PulseScoreCalculatorTests.swift */; };
		97C1BAFAEF7B9EE9BD0527A0 /* MentorPromptBuilder.swift in Sources */ = {isa = PBXBuildFile; fileRef = 88911E206DDFC07ECF427A18 /* MentorPromptBuilder.swift */; };
		99AB9A98DA6890C879766A36 /* EventKitService.swift in Sources */ = {isa = PBXBuildFile; fileRef = 7CB408A2165C1E61E569D13C /* EventKitService.swift */; };
		9BA3D3C109FDE69469C6C9CC /* InsightCardView.swift in Sources */ = {isa = PBXBuildFile; fileRef = 481505C42AF83DFCBBF91CF4 /* InsightCardView.swift */; };
		9CBF25DB0868CBD90EF3B53B /* GoalHealthServiceTests.swift in Sources */ = {isa = PBXBuildFile; fileRef = 6FA78034A4A3E081FFE996D5 /* GoalHealthServiceTests.swift */; };
		A0083D7316A69A0005278D44 /* AIConfig.swift in Sources */ = {isa = PBXBuildFile; fileRef = 80DF9F69EC7D14054E5E4154 /* AIConfig.swift */; };
		A3D8890352428594FA47EF23 /* FocusBlocksView.swift in Sources */ = {isa = PBXBuildFile; fileRef = 574C64497B84C1FCB07DFC36 /* FocusBlocksView.swift */; };
		A6D9BD7C7ED985DED7045432 /* PlanGenerator.swift in Sources */ = {isa = PBXBuildFile; fileRef = EF13B66F23BBABD3F2AD0064 /* PlanGenerator.swift */; };
		A7828F695E2ECB9451312FD3 /* SnapshotBuilderTests.swift in Sources */ = {isa = PBXBuildFile; fileRef = BE2B3057EE75736C5EC56776 /* SnapshotBuilderTests.swift */; };
		A7E80F11D899222A6211EEBC /* GoalStripView.swift in Sources */ = {isa = PBXBuildFile; fileRef = 19579A5BD33622DC6BC2FCF5 /* GoalStripView.swift */; };
		ABA8A64FD3BF98840F07A44A /* PlannedAction.swift in Sources */ = {isa = PBXBuildFile; fileRef = 50A0B36532BE8ECC20CC5C35 /* PlannedAction.swift */; };
		AD0EECEFAEE7B5CCC7233D81 /* IntegrationSetupView.swift in Sources */ = {isa = PBXBuildFile; fileRef = 24A30F431A850B4444C16E78 /* IntegrationSetupView.swift */; };
		AFA3A6872548CEFBC3F2F931 /* DimensionBarsView.swift in Sources */ = {isa = PBXBuildFile; fileRef = 3CBBFA170B33B17B4FE7BE90 /* DimensionBarsView.swift */; };
		B6286A73918220AECC1C2831 /* CoreAssessmentTests.swift in Sources */ = {isa = PBXBuildFile; fileRef = DD50806910EA1F0536613A9C /* CoreAssessmentTests.swift */; };
		B656409BAC69666EA0046B54 /* PremiumGateService.swift in Sources */ = {isa = PBXBuildFile; fileRef = 94F0BED7D21FE5BC72E347A5 /* PremiumGateService.swift */; };
		B7CF693AF84AC25D8745E33D /* Reflection.swift in Sources */ = {isa = PBXBuildFile; fileRef = 98A43853C2967CC34AAA86A7 /* Reflection.swift */; };
		B89DFDDB97B0B9EDB55E6A05 /* CoreAssessment.swift in Sources */ = {isa = PBXBuildFile; fileRef = 8A38222B4230E1501AA0726E /* CoreAssessment.swift */; };
		B98436EEC2041FD122703B60 /* SettingsView.swift in Sources */ = {isa = PBXBuildFile; fileRef = 8F3398562C23BA55AF8165BB /* SettingsView.swift */; };
		BB0F6E8E8F8ADA5968DB21C2 /* NotificationService.swift in Sources */ = {isa = PBXBuildFile; fileRef = B607B9E2BC8919E3F0D2E809 /* NotificationService.swift */; };
		BBB3D552D40C210D8372E92A /* DomainAssessment.swift in Sources */ = {isa = PBXBuildFile; fileRef = 89A4F1A74BE0216D3C7B2886 /* DomainAssessment.swift */; };
		BF7B417354D625B13969A6E5 /* UserProfile.swift in Sources */ = {isa = PBXBuildFile; fileRef = CB77796CED406ECEB71F9B1D /* UserProfile.swift */; };
		C1D05B0C26E39115C34974E9 /* DomainAssessmentSheet.swift in Sources */ = {isa = PBXBuildFile; fileRef = AE8F82D135E34038FA3A0E62 /* DomainAssessmentSheet.swift */; };
		C3DB89D255DEBA07C3919307 /* SingleActionView.swift in Sources */ = {isa = PBXBuildFile; fileRef = 9BDF8F4DDB6E1FD30E05D502 /* SingleActionView.swift */; };
		C4B44874C0984C7391C8CA5B /* MorningBriefView.swift in Sources */ = {isa = PBXBuildFile; fileRef = 06B28262EA68702E892BDD82 /* MorningBriefView.swift */; };
		C5216B8C9D1BEE1A9BD482EF /* ScreenTimeService.swift in Sources */ = {isa = PBXBuildFile; fileRef = 98498452A2F2F63ADC06CEB6 /* ScreenTimeService.swift */; };
		C76B5C540C4F5784CCF0EE62 /* GoalDomainTests.swift in Sources */ = {isa = PBXBuildFile; fileRef = 644F202B9C638DCBD1709A4A /* GoalDomainTests.swift */; };
		C7C1DBFC629000A2D7E67249 /* GoalHealthService.swift in Sources */ = {isa = PBXBuildFile; fileRef = F5F622E2B5F7A018C1B3EA3C /* GoalHealthService.swift */; };
		C84508AC103EFF75F541B68A /* DimensionScoreCalculator.swift in Sources */ = {isa = PBXBuildFile; fileRef = 3099F0CBCE4380F52D4ADBB6 /* DimensionScoreCalculator.swift */; };
		C8DD5AC6929AC0EBE8AF59CE /* GoalListView.swift in Sources */ = {isa = PBXBuildFile; fileRef = 5B140A14EEEE8BC6C70F1A8F /* GoalListView.swift */; };
		CE67117CAFC02BE675D37B67 /* ObsidianService.swift in Sources */ = {isa = PBXBuildFile; fileRef = 74BCAD31DCCCEDFFDF02F0C2 /* ObsidianService.swift */; };
		D3D00C97CE252AAFFE9F4B1C /* DimensionScoreCalculatorTests.swift in Sources */ = {isa = PBXBuildFile; fileRef = E7F2B2B739FF4A7D8AD0A113 /* DimensionScoreCalculatorTests.swift */; };
		D3F76E3F01CF325030DFCA03 /* AmbidashApp.swift in Sources */ = {isa = PBXBuildFile; fileRef = 557698237B86451559706D44 /* AmbidashApp.swift */; };
		DB70F50DF61D7AD483458228 /* GoalProgress.swift in Sources */ = {isa = PBXBuildFile; fileRef = 56C90553BD1F33180D9B0A91 /* GoalProgress.swift */; };
		DD346661F70EA3838978CC92 /* Streak.swift in Sources */ = {isa = PBXBuildFile; fileRef = A28E88B33A2DF877FBC2E57E /* Streak.swift */; };
		DEC0EC616EA3799B4E2814F5 /* HealthKitService.swift in Sources */ = {isa = PBXBuildFile; fileRef = EC96295D909EDBC3A912D5DE /* HealthKitService.swift */; };
		F1806EB4832A5DECBD2DE525 /* AssessmentQuestion.swift in Sources */ = {isa = PBXBuildFile; fileRef = 343F2BAD8B05D6F390651E44 /* AssessmentQuestion.swift */; };
		F1C4D073F65A527E6EF02EEF /* ThemeSetupView.swift in Sources */ = {isa = PBXBuildFile; fileRef = 67D43971DAD901C2756FFED5 /* ThemeSetupView.swift */; };
		F672462D0640E3EB97773133 /* RootView.swift in Sources */ = {isa = PBXBuildFile; fileRef = 72A308453BB4EB34BA47F56D /* RootView.swift */; };
		F814CCC16A1F7D15B6E7D7FF /* WorkStylePreference.swift in Sources */ = {isa = PBXBuildFile; fileRef = D33FBBB2BFDC2B4185FE6C8C /* WorkStylePreference.swift */; };
		FA51486D160E2D60E98F332C /* StreakService.swift in Sources */ = {isa = PBXBuildFile; fileRef = 1D85C97171671F9FEA4F482F /* StreakService.swift */; };
/* End PBXBuildFile section */

/* Begin PBXContainerItemProxy section */
		43827592A6A9DFDA07CEBD40 /* PBXContainerItemProxy */ = {
			isa = PBXContainerItemProxy;
			containerPortal = 021C71ADDCFCB90366084403 /* Project object */;
			proxyType = 1;
			remoteGlobalIDString = C509A9FC71A7CED2FCA21F3A;
			remoteInfo = ambidash;
		};
/* End PBXContainerItemProxy section */

/* Begin PBXFileReference section */
		009036D3AB170DBC5C917DD4 /* ManagedSettings.framework */ = {isa = PBXFileReference; lastKnownFileType = wrapper.framework; name = ManagedSettings.framework; path = System/Library/Frameworks/ManagedSettings.framework; sourceTree = SDKROOT; };
		06B28262EA68702E892BDD82 /* MorningBriefView.swift */ = {isa = PBXFileReference; lastKnownFileType = sourcecode.swift; path = MorningBriefView.swift; sourceTree = "<group>"; };
		079C72EA0A694EB8858FDFBC /* Components.swift */ = {isa = PBXFileReference; lastKnownFileType = sourcecode.swift; path = Components.swift; sourceTree = "<group>"; };
		09115618227349FA26D9E136 /* DashboardView.swift */ = {isa = PBXFileReference; lastKnownFileType = sourcecode.swift; path = DashboardView.swift; sourceTree = "<group>"; };
		097D73995EC9BBD4FF1739A4 /* AddGoalView.swift */ = {isa = PBXFileReference; lastKnownFileType = sourcecode.swift; path = AddGoalView.swift; sourceTree = "<group>"; };
		0BCCF7FED119C86AD1B00F9B /* ambidash.entitlements */ = {isa = PBXFileReference; lastKnownFileType = text.plist.entitlements; path = ambidash.entitlements; sourceTree = "<group>"; };
		0DE6A075761C5F7C13EF2BE1 /* GoalDetailView.swift */ = {isa = PBXFileReference; lastKnownFileType = sourcecode.swift; path = GoalDetailView.swift; sourceTree = "<group>"; };
		11B9E7F9C90C4E5DC88D1E77 /* WorkStylePickerView.swift */ = {isa = PBXFileReference; lastKnownFileType = sourcecode.swift; path = WorkStylePickerView.swift; sourceTree = "<group>"; };
		182A26D142678147B1F2B091 /* PulseScoreCalculatorTests.swift */ = {isa = PBXFileReference; lastKnownFileType = sourcecode.swift; path = PulseScoreCalculatorTests.swift; sourceTree = "<group>"; };
		19579A5BD33622DC6BC2FCF5 /* GoalStripView.swift */ = {isa = PBXFileReference; lastKnownFileType = sourcecode.swift; path = GoalStripView.swift; sourceTree = "<group>"; };
		198A33E9CED2D0772100C550 /* IntegrationManager.swift */ = {isa = PBXFileReference; lastKnownFileType = sourcecode.swift; path = IntegrationManager.swift; sourceTree = "<group>"; };
		1A45E2ECF54D4C884DE22948 /* ambidashTests.xctest */ = {isa = PBXFileReference; includeInIndex = 0; lastKnownFileType = wrapper.cfbundle; path = ambidashTests.xctest; sourceTree = BUILT_PRODUCTS_DIR; };
		1CBD2F70C369469AD6F4E148 /* ambidash-monitor.appex */ = {isa = PBXFileReference; includeInIndex = 0; lastKnownFileType = "wrapper.app-extension"; path = "ambidash-monitor.appex"; sourceTree = BUILT_PRODUCTS_DIR; };
		1D85C97171671F9FEA4F482F /* StreakService.swift */ = {isa = PBXFileReference; lastKnownFileType = sourcecode.swift; path = StreakService.swift; sourceTree = "<group>"; };
		24A30F431A850B4444C16E78 /* IntegrationSetupView.swift */ = {isa = PBXFileReference; lastKnownFileType = sourcecode.swift; path = IntegrationSetupView.swift; sourceTree = "<group>"; };
		3099F0CBCE4380F52D4ADBB6 /* DimensionScoreCalculator.swift */ = {isa = PBXFileReference; lastKnownFileType = sourcecode.swift; path = DimensionScoreCalculator.swift; sourceTree = "<group>"; };
		30BD4D96F1AD5BC044A123D8 /* PlanGeneratorTests.swift */ = {isa = PBXFileReference; lastKnownFileType = sourcecode.swift; path = PlanGeneratorTests.swift; sourceTree = "<group>"; };
		32B969A7D316C8F46CCDA2EE /* MonthlyReviewView.swift */ = {isa = PBXFileReference; lastKnownFileType = sourcecode.swift; path = MonthlyReviewView.swift; sourceTree = "<group>"; };
		343F2BAD8B05D6F390651E44 /* AssessmentQuestion.swift */ = {isa = PBXFileReference; lastKnownFileType = sourcecode.swift; path = AssessmentQuestion.swift; sourceTree = "<group>"; };
		36F3135818AB6A21667C3011 /* TodayView.swift */ = {isa = PBXFileReference; lastKnownFileType = sourcecode.swift; path = TodayView.swift; sourceTree = "<group>"; };
		3CBBFA170B33B17B4FE7BE90 /* DimensionBarsView.swift */ = {isa = PBXFileReference; lastKnownFileType = sourcecode.swift; path = DimensionBarsView.swift; sourceTree = "<group>"; };
		3FC183A57A063887061AA22C /* NotionService.swift */ = {isa = PBXFileReference; lastKnownFileType = sourcecode.swift; path = NotionService.swift; sourceTree = "<group>"; };
		420BFB646EE93A1A310BA415 /* DeviceActivityMonitorExtension.swift */ = {isa = PBXFileReference; lastKnownFileType = sourcecode.swift; path = DeviceActivityMonitorExtension.swift; sourceTree = "<group>"; };
		42DF12417DA900E106F77CE9 /* QuickStatsView.swift */ = {isa = PBXFileReference; lastKnownFileType = sourcecode.swift; path = QuickStatsView.swift; sourceTree = "<group>"; };
		481505C42AF83DFCBBF91CF4 /* InsightCardView.swift */ = {isa = PBXFileReference; lastKnownFileType = sourcecode.swift; path = InsightCardView.swift; sourceTree = "<group>"; };
		50A0B36532BE8ECC20CC5C35 /* PlannedAction.swift */ = {isa = PBXFileReference; lastKnownFileType = sourcecode.swift; path = PlannedAction.swift; sourceTree = "<group>"; };
		557698237B86451559706D44 /* AmbidashApp.swift */ = {isa = PBXFileReference; lastKnownFileType = sourcecode.swift; path = AmbidashApp.swift; sourceTree = "<group>"; };
		56C90553BD1F33180D9B0A91 /* GoalProgress.swift */ = {isa = PBXFileReference; lastKnownFileType = sourcecode.swift; path = GoalProgress.swift; sourceTree = "<group>"; };
		574C64497B84C1FCB07DFC36 /* FocusBlocksView.swift */ = {isa = PBXFileReference; lastKnownFileType = sourcecode.swift; path = FocusBlocksView.swift; sourceTree = "<group>"; };
		5AAB2BDBA51600EC90D23C79 /* HonestMirrorView.swift */ = {isa = PBXFileReference; lastKnownFileType = sourcecode.swift; path = HonestMirrorView.swift; sourceTree = "<group>"; };
		5B140A14EEEE8BC6C70F1A8F /* GoalListView.swift */ = {isa = PBXFileReference; lastKnownFileType = sourcecode.swift; path = GoalListView.swift; sourceTree = "<group>"; };
		5CFCFCEBE1F67A57F743D718 /* PlanFormat.swift */ = {isa = PBXFileReference; lastKnownFileType = sourcecode.swift; path = PlanFormat.swift; sourceTree = "<group>"; };
		644F202B9C638DCBD1709A4A /* GoalDomainTests.swift */ = {isa = PBXFileReference; lastKnownFileType = sourcecode.swift; path = GoalDomainTests.swift; sourceTree = "<group>"; };
		667F065818028B3C2D921079 /* MentorView.swift */ = {isa = PBXFileReference; lastKnownFileType = sourcecode.swift; path = MentorView.swift; sourceTree = "<group>"; };
		671B9B4705A3549951558745 /* SnapshotBuilder.swift */ = {isa = PBXFileReference; lastKnownFileType = sourcecode.swift; path = SnapshotBuilder.swift; sourceTree = "<group>"; };
		67D43971DAD901C2756FFED5 /* ThemeSetupView.swift */ = {isa = PBXFileReference; lastKnownFileType = sourcecode.swift; path = ThemeSetupView.swift; sourceTree = "<group>"; };
		67E63BAAE2E6E6E7B901C53F /* ReflectionFormView.swift */ = {isa = PBXFileReference; lastKnownFileType = sourcecode.swift; path = ReflectionFormView.swift; sourceTree = "<group>"; };
		6CBA3CF05356C43A16071009 /* WelcomeView.swift */ = {isa = PBXFileReference; lastKnownFileType = sourcecode.swift; path = WelcomeView.swift; sourceTree = "<group>"; };
		6FA78034A4A3E081FFE996D5 /* GoalHealthServiceTests.swift */ = {isa = PBXFileReference; lastKnownFileType = sourcecode.swift; path = GoalHealthServiceTests.swift; sourceTree = "<group>"; };
		72A308453BB4EB34BA47F56D /* RootView.swift */ = {isa = PBXFileReference; lastKnownFileType = sourcecode.swift; path = RootView.swift; sourceTree = "<group>"; };
		73107790D53825C77448FC4E /* ReflectView.swift */ = {isa = PBXFileReference; lastKnownFileType = sourcecode.swift; path = ReflectView.swift; sourceTree = "<group>"; };
		74BCAD31DCCCEDFFDF02F0C2 /* ObsidianService.swift */ = {isa = PBXFileReference; lastKnownFileType = sourcecode.swift; path = ObsidianService.swift; sourceTree = "<group>"; };
		7CB408A2165C1E61E569D13C /* EventKitService.swift */ = {isa = PBXFileReference; lastKnownFileType = sourcecode.swift; path = EventKitService.swift; sourceTree = "<group>"; };
		7ED83FA257C1D0AE6515DFC4 /* MentorFeedback.swift */ = {isa = PBXFileReference; lastKnownFileType = sourcecode.swift; path = MentorFeedback.swift; sourceTree = "<group>"; };
		80DF9F69EC7D14054E5E4154 /* AIConfig.swift */ = {isa = PBXFileReference; lastKnownFileType = sourcecode.swift; path = AIConfig.swift; sourceTree = "<group>"; };
		83302B08A2C9BF4EA6CE66ED /* GoalDeclarationView.swift */ = {isa = PBXFileReference; lastKnownFileType = sourcecode.swift; path = GoalDeclarationView.swift; sourceTree = "<group>"; };
		88911E206DDFC07ECF427A18 /* MentorPromptBuilder.swift */ = {isa = PBXFileReference; lastKnownFileType = sourcecode.swift; path = MentorPromptBuilder.swift; sourceTree = "<group>"; };
		89A4F1A74BE0216D3C7B2886 /* DomainAssessment.swift */ = {isa = PBXFileReference; lastKnownFileType = sourcecode.swift; path = DomainAssessment.swift; sourceTree = "<group>"; };
		89A95307873AA574033BE1DC /* AssessmentQuestionView.swift */ = {isa = PBXFileReference; lastKnownFileType = sourcecode.swift; path = AssessmentQuestionView.swift; sourceTree = "<group>"; };
		8A38222B4230E1501AA0726E /* CoreAssessment.swift */ = {isa = PBXFileReference; lastKnownFileType = sourcecode.swift; path = CoreAssessment.swift; sourceTree = "<group>"; };
		8A8718928D7E27FCE4BC3824 /* WeeklyReviewView.swift */ = {isa = PBXFileReference; lastKnownFileType = sourcecode.swift; path = WeeklyReviewView.swift; sourceTree = "<group>"; };
		8F3398562C23BA55AF8165BB /* SettingsView.swift */ = {isa = PBXFileReference; lastKnownFileType = sourcecode.swift; path = SettingsView.swift; sourceTree = "<group>"; };
		94F0BED7D21FE5BC72E347A5 /* PremiumGateService.swift */ = {isa = PBXFileReference; lastKnownFileType = sourcecode.swift; path = PremiumGateService.swift; sourceTree = "<group>"; };
		962DA761E1ACAE2227706D41 /* IntegrationSnapshot.swift */ = {isa = PBXFileReference; lastKnownFileType = sourcecode.swift; path = IntegrationSnapshot.swift; sourceTree = "<group>"; };
		98498452A2F2F63ADC06CEB6 /* ScreenTimeService.swift */ = {isa = PBXFileReference; lastKnownFileType = sourcecode.swift; path = ScreenTimeService.swift; sourceTree = "<group>"; };
		98A43853C2967CC34AAA86A7 /* Reflection.swift */ = {isa = PBXFileReference; lastKnownFileType = sourcecode.swift; path = Reflection.swift; sourceTree = "<group>"; };
		99293D596B35EC9D61FFE9E2 /* Goal.swift */ = {isa = PBXFileReference; lastKnownFileType = sourcecode.swift; path = Goal.swift; sourceTree = "<group>"; };
		9BDF8F4DDB6E1FD30E05D502 /* SingleActionView.swift */ = {isa = PBXFileReference; lastKnownFileType = sourcecode.swift; path = SingleActionView.swift; sourceTree = "<group>"; };
		9EE9BC2C6D2DB031A788193C /* AIService.swift */ = {isa = PBXFileReference; lastKnownFileType = sourcecode.swift; path = AIService.swift; sourceTree = "<group>"; };
		A28E88B33A2DF877FBC2E57E /* Streak.swift */ = {isa = PBXFileReference; lastKnownFileType = sourcecode.swift; path = Streak.swift; sourceTree = "<group>"; };
		A4004EE008BD6D70D44DF2FA /* ScaffoldingService.swift */ = {isa = PBXFileReference; lastKnownFileType = sourcecode.swift; path = ScaffoldingService.swift; sourceTree = "<group>"; };
		A54A9BFF9287FAC9BE85BE5C /* DomainAssessmentQuestions.swift */ = {isa = PBXFileReference; lastKnownFileType = sourcecode.swift; path = DomainAssessmentQuestions.swift; sourceTree = "<group>"; };
		A5814DA0A6050161ED197CBC /* PulseScoreView.swift */ = {isa = PBXFileReference; lastKnownFileType = sourcecode.swift; path = PulseScoreView.swift; sourceTree = "<group>"; };
		AE8F82D135E34038FA3A0E62 /* DomainAssessmentSheet.swift */ = {isa = PBXFileReference; lastKnownFileType = sourcecode.swift; path = DomainAssessmentSheet.swift; sourceTree = "<group>"; };
		B607B9E2BC8919E3F0D2E809 /* NotificationService.swift */ = {isa = PBXFileReference; lastKnownFileType = sourcecode.swift; path = NotificationService.swift; sourceTree = "<group>"; };
		B748FC145D8AFDB12B28EDE3 /* GoalDomain.swift */ = {isa = PBXFileReference; lastKnownFileType = sourcecode.swift; path = GoalDomain.swift; sourceTree = "<group>"; };
		B8D8C1F4A2DBFE2EA96A5863 /* AssessmentFlowView.swift */ = {isa = PBXFileReference; lastKnownFileType = sourcecode.swift; path = AssessmentFlowView.swift; sourceTree = "<group>"; };
		BB53322A625D21C309B8444F /* SanityTests.swift */ = {isa = PBXFileReference; lastKnownFileType = sourcecode.swift; path = SanityTests.swift; sourceTree = "<group>"; };
		BC7B874FEB8C7A81FF93AD44 /* ActionRow.swift */ = {isa = PBXFileReference; lastKnownFileType = sourcecode.swift; path = ActionRow.swift; sourceTree = "<group>"; };
		BD1C20936A96FD9868586F75 /* DailySummaryView.swift */ = {isa = PBXFileReference; lastKnownFileType = sourcecode.swift; path = DailySummaryView.swift; sourceTree = "<group>"; };
		BE2B3057EE75736C5EC56776 /* SnapshotBuilderTests.swift */ = {isa = PBXFileReference; lastKnownFileType = sourcecode.swift; path = SnapshotBuilderTests.swift; sourceTree = "<group>"; };
		BE58D6B581720991895E3987 /* ambidash.app */ = {isa = PBXFileReference; includeInIndex = 0; lastKnownFileType = wrapper.application; path = ambidash.app; sourceTree = BUILT_PRODUCTS_DIR; };
		BED6CAF811845880023A84FC /* LifeDimension.swift */ = {isa = PBXFileReference; lastKnownFileType = sourcecode.swift; path = LifeDimension.swift; sourceTree = "<group>"; };
		CB77796CED406ECEB71F9B1D /* UserProfile.swift */ = {isa = PBXFileReference; lastKnownFileType = sourcecode.swift; path = UserProfile.swift; sourceTree = "<group>"; };
		CCF9FD3FC9D95230E9390295 /* Assets.xcassets */ = {isa = PBXFileReference; lastKnownFileType = folder.assetcatalog; path = Assets.xcassets; sourceTree = "<group>"; };
		CEADC98E3A42D24399274700 /* PriorityListView.swift */ = {isa = PBXFileReference; lastKnownFileType = sourcecode.swift; path = PriorityListView.swift; sourceTree = "<group>"; };
		D33FBBB2BFDC2B4185FE6C8C /* WorkStylePreference.swift */ = {isa = PBXFileReference; lastKnownFileType = sourcecode.swift; path = WorkStylePreference.swift; sourceTree = "<group>"; };
		D3FABF1DD8803FB51DBD8ECD /* SubscriptionService.swift */ = {isa = PBXFileReference; lastKnownFileType = sourcecode.swift; path = SubscriptionService.swift; sourceTree = "<group>"; };
		D45E866B8C0DAA8861F70564 /* GoalStatus.swift */ = {isa = PBXFileReference; lastKnownFileType = sourcecode.swift; path = GoalStatus.swift; sourceTree = "<group>"; };
		D82CCB659A2B7FAAAADBB3B4 /* PulseScoreCalculator.swift */ = {isa = PBXFileReference; lastKnownFileType = sourcecode.swift; path = PulseScoreCalculator.swift; sourceTree = "<group>"; };
		DCDB2D5CC80B55EA184C74EC /* FocusGuardView.swift */ = {isa = PBXFileReference; lastKnownFileType = sourcecode.swift; path = FocusGuardView.swift; sourceTree = "<group>"; };
		DD50806910EA1F0536613A9C /* CoreAssessmentTests.swift */ = {isa = PBXFileReference; lastKnownFileType = sourcecode.swift; path = CoreAssessmentTests.swift; sourceTree = "<group>"; };
		DE95BEBDD012D7AFC4BFEE10 /* OnboardingCompleteView.swift */ = {isa = PBXFileReference; lastKnownFileType = sourcecode.swift; path = OnboardingCompleteView.swift; sourceTree = "<group>"; };
		E3DBC8F6AC246D974F0209D8 /* AmbidashTheme.swift */ = {isa = PBXFileReference; lastKnownFileType = sourcecode.swift; path = AmbidashTheme.swift; sourceTree = "<group>"; };
		E4F4231A3DF75758EE3BA8D1 /* MainTabView.swift */ = {isa = PBXFileReference; lastKnownFileType = sourcecode.swift; path = MainTabView.swift; sourceTree = "<group>"; };
		E54C8F7D558E93707C5C545A /* DailyPlan.swift */ = {isa = PBXFileReference; lastKnownFileType = sourcecode.swift; path = DailyPlan.swift; sourceTree = "<group>"; };
		E7F2B2B739FF4A7D8AD0A113 /* DimensionScoreCalculatorTests.swift */ = {isa = PBXFileReference; lastKnownFileType = sourcecode.swift; path = DimensionScoreCalculatorTests.swift; sourceTree = "<group>"; };
		EC96295D909EDBC3A912D5DE /* HealthKitService.swift */ = {isa = PBXFileReference; lastKnownFileType = sourcecode.swift; path = HealthKitService.swift; sourceTree = "<group>"; };
		EF13B66F23BBABD3F2AD0064 /* PlanGenerator.swift */ = {isa = PBXFileReference; lastKnownFileType = sourcecode.swift; path = PlanGenerator.swift; sourceTree = "<group>"; };
		F03206FDBB4076414660C33D /* DeviceActivity.framework */ = {isa = PBXFileReference; lastKnownFileType = wrapper.framework; name = DeviceActivity.framework; path = System/Library/Frameworks/DeviceActivity.framework; sourceTree = SDKROOT; };
		F5F622E2B5F7A018C1B3EA3C /* GoalHealthService.swift */ = {isa = PBXFileReference; lastKnownFileType = sourcecode.swift; path = GoalHealthService.swift; sourceTree = "<group>"; };
		F9029079DA9843B1733B7A26 /* SkipAnalysisService.swift */ = {isa = PBXFileReference; lastKnownFileType = sourcecode.swift; path = SkipAnalysisService.swift; sourceTree = "<group>"; };
		FEC7C1D2348F9C0FA3C57D9C /* GoalTests.swift */ = {isa = PBXFileReference; lastKnownFileType = sourcecode.swift; path = GoalTests.swift; sourceTree = "<group>"; };
		FF0078242D4C8C835AAF607D /* PaywallView.swift */ = {isa = PBXFileReference; lastKnownFileType = sourcecode.swift; path = PaywallView.swift; sourceTree = "<group>"; };
/* End PBXFileReference section */

/* Begin PBXFrameworksBuildPhase section */
		F231E4F0BD299440F7779AA6 /* Frameworks */ = {
			isa = PBXFrameworksBuildPhase;
			buildActionMask = 2147483647;
			files = (
				34AA7E63B7BF264A58D392C9 /* DeviceActivity.framework in Frameworks */,
				7E778DD61C63656D724DC527 /* ManagedSettings.framework in Frameworks */,
			);
			runOnlyForDeploymentPostprocessing = 0;
		};
/* End PBXFrameworksBuildPhase section */

/* Begin PBXGroup section */
		16832A482158174130D3E1E1 /* Models */ = {
			isa = PBXGroup;
			children = (
				DD50806910EA1F0536613A9C /* CoreAssessmentTests.swift */,
				FEC7C1D2348F9C0FA3C57D9C /* GoalTests.swift */,
			);
			path = Models;
			sourceTree = "<group>";
		};
		1AB1B0FCEF2902204935DF95 /* Settings */ = {
			isa = PBXGroup;
			children = (
				FF0078242D4C8C835AAF607D /* PaywallView.swift */,
				8F3398562C23BA55AF8165BB /* SettingsView.swift */,
			);
			path = Settings;
			sourceTree = "<group>";
		};
		224817C439C9D1B2D755EBBE /* FocusGuard */ = {
			isa = PBXGroup;
			children = (
				DCDB2D5CC80B55EA184C74EC /* FocusGuardView.swift */,
			);
			path = FocusGuard;
			sourceTree = "<group>";
		};
		26AB357E15C09823B6F61870 /* Today */ = {
			isa = PBXGroup;
			children = (
				BC7B874FEB8C7A81FF93AD44 /* ActionRow.swift */,
				574C64497B84C1FCB07DFC36 /* FocusBlocksView.swift */,
				06B28262EA68702E892BDD82 /* MorningBriefView.swift */,
				CEADC98E3A42D24399274700 /* PriorityListView.swift */,
				9BDF8F4DDB6E1FD30E05D502 /* SingleActionView.swift */,
				36F3135818AB6A21667C3011 /* TodayView.swift */,
			);
			path = Today;
			sourceTree = "<group>";
		};
		33CB71B4061E485FBB04FABD /* ambidash-monitor */ = {
			isa = PBXGroup;
			children = (
				420BFB646EE93A1A310BA415 /* DeviceActivityMonitorExtension.swift */,
			);
			path = "ambidash-monitor";
			sourceTree = "<group>";
		};
		4347CC4E7EF9EC2D288E34F7 /* Services */ = {
			isa = PBXGroup;
			children = (
				E7F2B2B739FF4A7D8AD0A113 /* DimensionScoreCalculatorTests.swift */,
				6FA78034A4A3E081FFE996D5 /* GoalHealthServiceTests.swift */,
				30BD4D96F1AD5BC044A123D8 /* PlanGeneratorTests.swift */,
				182A26D142678147B1F2B091 /* PulseScoreCalculatorTests.swift */,
				BE2B3057EE75736C5EC56776 /* SnapshotBuilderTests.swift */,
			);
			path = Services;
			sourceTree = "<group>";
		};
		49CDB32D36924640688BB51E /* Products */ = {
			isa = PBXGroup;
			children = (
				1CBD2F70C369469AD6F4E148 /* ambidash-monitor.appex */,
				BE58D6B581720991895E3987 /* ambidash.app */,
				1A45E2ECF54D4C884DE22948 /* ambidashTests.xctest */,
			);
			name = Products;
			sourceTree = "<group>";
		};
		4CD021A9F4970677C078D701 /* ambidashTests */ = {
			isa = PBXGroup;
			children = (
				BB53322A625D21C309B8444F /* SanityTests.swift */,
				16832A482158174130D3E1E1 /* Models */,
				4347CC4E7EF9EC2D288E34F7 /* Services */,
				94BDDF96E63154D039616730 /* Utilities */,
			);
			path = ambidashTests;
			sourceTree = "<group>";
		};
		4F1FB24143821D30D94B4576 = {
			isa = PBXGroup;
			children = (
				9AF0F69B308DBCDE37605B0E /* ambidash */,
				33CB71B4061E485FBB04FABD /* ambidash-monitor */,
				4CD021A9F4970677C078D701 /* ambidashTests */,
				CC6DFCCE9805631859C180C2 /* Frameworks */,
				49CDB32D36924640688BB51E /* Products */,
			);
			sourceTree = "<group>";
		};
		5354077B4D6E80BABC8E7CEC /* Utilities */ = {
			isa = PBXGroup;
			children = (
				343F2BAD8B05D6F390651E44 /* AssessmentQuestion.swift */,
				A54A9BFF9287FAC9BE85BE5C /* DomainAssessmentQuestions.swift */,
				B748FC145D8AFDB12B28EDE3 /* GoalDomain.swift */,
				D45E866B8C0DAA8861F70564 /* GoalStatus.swift */,
				BED6CAF811845880023A84FC /* LifeDimension.swift */,
				5CFCFCEBE1F67A57F743D718 /* PlanFormat.swift */,
			);
			path = Utilities;
			sourceTree = "<group>";
		};
		56A532DC9C35D2764CB9FDDF /* Goals */ = {
			isa = PBXGroup;
			children = (
				097D73995EC9BBD4FF1739A4 /* AddGoalView.swift */,
				AE8F82D135E34038FA3A0E62 /* DomainAssessmentSheet.swift */,
				0DE6A075761C5F7C13EF2BE1 /* GoalDetailView.swift */,
				5B140A14EEEE8BC6C70F1A8F /* GoalListView.swift */,
			);
			path = Goals;
			sourceTree = "<group>";
		};
		72119CB2F63CF325CAA1EEBA /* Views */ = {
			isa = PBXGroup;
			children = (
				CC7D77DED9CB521CAA213F2C /* Dashboard */,
				224817C439C9D1B2D755EBBE /* FocusGuard */,
				56A532DC9C35D2764CB9FDDF /* Goals */,
				A6E7D0918853BEE75263AE8E /* Mentor */,
				CB1B2886C9F39F6F403E1C5C /* Onboarding */,
				A3DF7DB27BADD0238A3A3808 /* Reflect */,
				1AB1B0FCEF2902204935DF95 /* Settings */,
				26AB357E15C09823B6F61870 /* Today */,
			);
			path = Views;
			sourceTree = "<group>";
		};
		77AE9CA326E2701429A96362 /* Services */ = {
			isa = PBXGroup;
			children = (
				80DF9F69EC7D14054E5E4154 /* AIConfig.swift */,
				9EE9BC2C6D2DB031A788193C /* AIService.swift */,
				3099F0CBCE4380F52D4ADBB6 /* DimensionScoreCalculator.swift */,
				7CB408A2165C1E61E569D13C /* EventKitService.swift */,
				F5F622E2B5F7A018C1B3EA3C /* GoalHealthService.swift */,
				EC96295D909EDBC3A912D5DE /* HealthKitService.swift */,
				198A33E9CED2D0772100C550 /* IntegrationManager.swift */,
				88911E206DDFC07ECF427A18 /* MentorPromptBuilder.swift */,
				B607B9E2BC8919E3F0D2E809 /* NotificationService.swift */,
				3FC183A57A063887061AA22C /* NotionService.swift */,
				74BCAD31DCCCEDFFDF02F0C2 /* ObsidianService.swift */,
				EF13B66F23BBABD3F2AD0064 /* PlanGenerator.swift */,
				94F0BED7D21FE5BC72E347A5 /* PremiumGateService.swift */,
				D82CCB659A2B7FAAAADBB3B4 /* PulseScoreCalculator.swift */,
				A4004EE008BD6D70D44DF2FA /* ScaffoldingService.swift */,
				98498452A2F2F63ADC06CEB6 /* ScreenTimeService.swift */,
				F9029079DA9843B1733B7A26 /* SkipAnalysisService.swift */,
				671B9B4705A3549951558745 /* SnapshotBuilder.swift */,
				1D85C97171671F9FEA4F482F /* StreakService.swift */,
				D3FABF1DD8803FB51DBD8ECD /* SubscriptionService.swift */,
			);
			path = Services;
			sourceTree = "<group>";
		};
		87716DA0021AC292C5013046 /* App */ = {
			isa = PBXGroup;
			children = (
				557698237B86451559706D44 /* AmbidashApp.swift */,
				E4F4231A3DF75758EE3BA8D1 /* MainTabView.swift */,
				72A308453BB4EB34BA47F56D /* RootView.swift */,
			);
			path = App;
			sourceTree = "<group>";
		};
		94BDDF96E63154D039616730 /* Utilities */ = {
			isa = PBXGroup;
			children = (
				644F202B9C638DCBD1709A4A /* GoalDomainTests.swift */,
			);
			path = Utilities;
			sourceTree = "<group>";
		};
		970D9C84A2BE2818A219A923 /* Theme */ = {
			isa = PBXGroup;
			children = (
				E3DBC8F6AC246D974F0209D8 /* AmbidashTheme.swift */,
				079C72EA0A694EB8858FDFBC /* Components.swift */,
			);
			path = Theme;
			sourceTree = "<group>";
		};
		9AF0F69B308DBCDE37605B0E /* ambidash */ = {
			isa = PBXGroup;
			children = (
				0BCCF7FED119C86AD1B00F9B /* ambidash.entitlements */,
				CCF9FD3FC9D95230E9390295 /* Assets.xcassets */,
				87716DA0021AC292C5013046 /* App */,
				D9A680A2C34508411EFBA1EE /* Models */,
				77AE9CA326E2701429A96362 /* Services */,
				970D9C84A2BE2818A219A923 /* Theme */,
				5354077B4D6E80BABC8E7CEC /* Utilities */,
				72119CB2F63CF325CAA1EEBA /* Views */,
			);
			path = ambidash;
			sourceTree = "<group>";
		};
		A3DF7DB27BADD0238A3A3808 /* Reflect */ = {
			isa = PBXGroup;
			children = (
				BD1C20936A96FD9868586F75 /* DailySummaryView.swift */,
				5AAB2BDBA51600EC90D23C79 /* HonestMirrorView.swift */,
				32B969A7D316C8F46CCDA2EE /* MonthlyReviewView.swift */,
				67E63BAAE2E6E6E7B901C53F /* ReflectionFormView.swift */,
				73107790D53825C77448FC4E /* ReflectView.swift */,
				8A8718928D7E27FCE4BC3824 /* WeeklyReviewView.swift */,
			);
			path = Reflect;
			sourceTree = "<group>";
		};
		A6E7D0918853BEE75263AE8E /* Mentor */ = {
			isa = PBXGroup;
			children = (
				667F065818028B3C2D921079 /* MentorView.swift */,
			);
			path = Mentor;
			sourceTree = "<group>";
		};
		CB1B2886C9F39F6F403E1C5C /* Onboarding */ = {
			isa = PBXGroup;
			children = (
				B8D8C1F4A2DBFE2EA96A5863 /* AssessmentFlowView.swift */,
				89A95307873AA574033BE1DC /* AssessmentQuestionView.swift */,
				83302B08A2C9BF4EA6CE66ED /* GoalDeclarationView.swift */,
				24A30F431A850B4444C16E78 /* IntegrationSetupView.swift */,
				DE95BEBDD012D7AFC4BFEE10 /* OnboardingCompleteView.swift */,
				67D43971DAD901C2756FFED5 /* ThemeSetupView.swift */,
				6CBA3CF05356C43A16071009 /* WelcomeView.swift */,
				11B9E7F9C90C4E5DC88D1E77 /* WorkStylePickerView.swift */,
			);
			path = Onboarding;
			sourceTree = "<group>";
		};
		CC6DFCCE9805631859C180C2 /* Frameworks */ = {
			isa = PBXGroup;
			children = (
				F03206FDBB4076414660C33D /* DeviceActivity.framework */,
				009036D3AB170DBC5C917DD4 /* ManagedSettings.framework */,
			);
			name = Frameworks;
			sourceTree = "<group>";
		};
		CC7D77DED9CB521CAA213F2C /* Dashboard */ = {
			isa = PBXGroup;
			children = (
				09115618227349FA26D9E136 /* DashboardView.swift */,
				3CBBFA170B33B17B4FE7BE90 /* DimensionBarsView.swift */,
				19579A5BD33622DC6BC2FCF5 /* GoalStripView.swift */,
				481505C42AF83DFCBBF91CF4 /* InsightCardView.swift */,
				A5814DA0A6050161ED197CBC /* PulseScoreView.swift */,
				42DF12417DA900E106F77CE9 /* QuickStatsView.swift */,
			);
			path = Dashboard;
			sourceTree = "<group>";
		};
		D9A680A2C34508411EFBA1EE /* Models */ = {
			isa = PBXGroup;
			children = (
				8A38222B4230E1501AA0726E /* CoreAssessment.swift */,
				E54C8F7D558E93707C5C545A /* DailyPlan.swift */,
				89A4F1A74BE0216D3C7B2886 /* DomainAssessment.swift */,
				99293D596B35EC9D61FFE9E2 /* Goal.swift */,
				56C90553BD1F33180D9B0A91 /* GoalProgress.swift */,
				962DA761E1ACAE2227706D41 /* IntegrationSnapshot.swift */,
				7ED83FA257C1D0AE6515DFC4 /* MentorFeedback.swift */,
				50A0B36532BE8ECC20CC5C35 /* PlannedAction.swift */,
				98A43853C2967CC34AAA86A7 /* Reflection.swift */,
				A28E88B33A2DF877FBC2E57E /* Streak.swift */,
				CB77796CED406ECEB71F9B1D /* UserProfile.swift */,
				D33FBBB2BFDC2B4185FE6C8C /* WorkStylePreference.swift */,
			);
			path = Models;
			sourceTree = "<group>";
		};
/* End PBXGroup section */

/* Begin PBXNativeTarget section */
		55E449DF7F2940133ACE3A79 /* ambidashTests */ = {
			isa = PBXNativeTarget;
			buildConfigurationList = C9690FE68EE276A86AC32F1F /* Build configuration list for PBXNativeTarget "ambidashTests" */;
			buildPhases = (
				B37CE8328F80A38529394357 /* Sources */,
			);
			buildRules = (
			);
			dependencies = (
				D38CDAE4F6E96E9CA26B4595 /* PBXTargetDependency */,
			);
			name = ambidashTests;
			packageProductDependencies = (
			);
			productName = ambidashTests;
			productReference = 1A45E2ECF54D4C884DE22948 /* ambidashTests.xctest */;
			productType = "com.apple.product-type.bundle.unit-test";
		};
		B3DCD28A9232CB58123E071D /* ambidash-monitor */ = {
			isa = PBXNativeTarget;
			buildConfigurationList = A7132BA19ADAF6F36086BE80 /* Build configuration list for PBXNativeTarget "ambidash-monitor" */;
			buildPhases = (
				745667EA3D2E84C7B4273A4B /* Sources */,
				F231E4F0BD299440F7779AA6 /* Frameworks */,
			);
			buildRules = (
			);
			dependencies = (
			);
			name = "ambidash-monitor";
			packageProductDependencies = (
			);
			productName = "ambidash-monitor";
			productReference = 1CBD2F70C369469AD6F4E148 /* ambidash-monitor.appex */;
			productType = "com.apple.product-type.app-extension";
		};
		C509A9FC71A7CED2FCA21F3A /* ambidash */ = {
			isa = PBXNativeTarget;
			buildConfigurationList = B6A812A2FED503F0BC856D73 /* Build configuration list for PBXNativeTarget "ambidash" */;
			buildPhases = (
				2A68DF3DA458B84007CDABFF /* Sources */,
				598A6AD6C58EA6811A6889EF /* Resources */,
			);
			buildRules = (
			);
			dependencies = (
			);
			name = ambidash;
			packageProductDependencies = (
			);
			productName = ambidash;
			productReference = BE58D6B581720991895E3987 /* ambidash.app */;
			productType = "com.apple.product-type.application";
		};
/* End PBXNativeTarget section */

/* Begin PBXProject section */
		021C71ADDCFCB90366084403 /* Project object */ = {
			isa = PBXProject;
			attributes = {
				BuildIndependentTargetsInParallel = YES;
				LastUpgradeCheck = 1600;
				TargetAttributes = {
				};
			};
			buildConfigurationList = B9C5711E1001E4923C5F6A47 /* Build configuration list for PBXProject "ambidash" */;
			developmentRegion = en;
			hasScannedForEncodings = 0;
			knownRegions = (
				Base,
				en,
			);
			mainGroup = 4F1FB24143821D30D94B4576;
			minimizedProjectReferenceProxies = 1;
			preferredProjectObjectVersion = 77;
			productRefGroup = 49CDB32D36924640688BB51E /* Products */;
			projectDirPath = "";
			projectRoot = "";
			targets = (
				C509A9FC71A7CED2FCA21F3A /* ambidash */,
				B3DCD28A9232CB58123E071D /* ambidash-monitor */,
				55E449DF7F2940133ACE3A79 /* ambidashTests */,
			);
		};
/* End PBXProject section */

/* Begin PBXResourcesBuildPhase section */
		598A6AD6C58EA6811A6889EF /* Resources */ = {
			isa = PBXResourcesBuildPhase;
			buildActionMask = 2147483647;
			files = (
				0093C21321F7521D38AF99D3 /* Assets.xcassets in Resources */,
			);
			runOnlyForDeploymentPostprocessing = 0;
		};
/* End PBXResourcesBuildPhase section */

/* Begin PBXSourcesBuildPhase section */
		2A68DF3DA458B84007CDABFF /* Sources */ = {
			isa = PBXSourcesBuildPhase;
			buildActionMask = 2147483647;
			files = (
				A0083D7316A69A0005278D44 /* AIConfig.swift in Sources */,
				24FDA9B6ABFF5CB69741C235 /* AIService.swift in Sources */,
				48AF52AD1EAB3CA54801F763 /* ActionRow.swift in Sources */,
				2F2D10F9D9FCB47C08357338 /* AddGoalView.swift in Sources */,
				D3F76E3F01CF325030DFCA03 /* AmbidashApp.swift in Sources */,
				331B02D2EB6C3B1FFF162090 /* AmbidashTheme.swift in Sources */,
				1BA8B68F4A3816AFDA505B61 /* AssessmentFlowView.swift in Sources */,
				F1806EB4832A5DECBD2DE525 /* AssessmentQuestion.swift in Sources */,
				6ED1E00B86F4364ACC9479EC /* AssessmentQuestionView.swift in Sources */,
				4EBEC68E0B32FBD6E4E19CBD /* Components.swift in Sources */,
				B89DFDDB97B0B9EDB55E6A05 /* CoreAssessment.swift in Sources */,
				40421C6CA3534056AF5ADBD5 /* DailyPlan.swift in Sources */,
				45BF4289781912862F0C468E /* DailySummaryView.swift in Sources */,
				7EC47396C51CCE81CED961CA /* DashboardView.swift in Sources */,
				AFA3A6872548CEFBC3F2F931 /* DimensionBarsView.swift in Sources */,
				C84508AC103EFF75F541B68A /* DimensionScoreCalculator.swift in Sources */,
				BBB3D552D40C210D8372E92A /* DomainAssessment.swift in Sources */,
				83916156AA043F544442BCC8 /* DomainAssessmentQuestions.swift in Sources */,
				C1D05B0C26E39115C34974E9 /* DomainAssessmentSheet.swift in Sources */,
				99AB9A98DA6890C879766A36 /* EventKitService.swift in Sources */,
				A3D8890352428594FA47EF23 /* FocusBlocksView.swift in Sources */,
				486BCE0D12B5DB253DFD1595 /* FocusGuardView.swift in Sources */,
				1F8A1E1EA102D6C80718A641 /* Goal.swift in Sources */,
				4669AF4D42EFE3C7C2B722AD /* GoalDeclarationView.swift in Sources */,
				87C3AE7CC9AF7F96FCA6BA0C /* GoalDetailView.swift in Sources */,
				05C34778BE561C1120E5EDB6 /* GoalDomain.swift in Sources */,
				C7C1DBFC629000A2D7E67249 /* GoalHealthService.swift in Sources */,
				C8DD5AC6929AC0EBE8AF59CE /* GoalListView.swift in Sources */,
				DB70F50DF61D7AD483458228 /* GoalProgress.swift in Sources */,
				34FD720A94B510E303172982 /* GoalStatus.swift in Sources */,
				A7E80F11D899222A6211EEBC /* GoalStripView.swift in Sources */,
				DEC0EC616EA3799B4E2814F5 /* HealthKitService.swift in Sources */,
				202B2A27F8A5F62BE84EB01E /* HonestMirrorView.swift in Sources */,
				9BA3D3C109FDE69469C6C9CC /* InsightCardView.swift in Sources */,
				23D30FEF3895CE79E050A119 /* IntegrationManager.swift in Sources */,
				AD0EECEFAEE7B5CCC7233D81 /* IntegrationSetupView.swift in Sources */,
				2808079C5A85336AED273C59 /* IntegrationSnapshot.swift in Sources */,
				8C8DB641A91C670FC1AA069B /* LifeDimension.swift in Sources */,
				4E793F43F77306F5E866ABCC /* MainTabView.swift in Sources */,
				58D8E428D5A2B4FC638FA3C8 /* MentorFeedback.swift in Sources */,
				97C1BAFAEF7B9EE9BD0527A0 /* MentorPromptBuilder.swift in Sources */,
				1880BD72388E65521276FB3A /* MentorView.swift in Sources */,
				42BD5F61ED1D3732E47473BE /* MonthlyReviewView.swift in Sources */,
				C4B44874C0984C7391C8CA5B /* MorningBriefView.swift in Sources */,
				BB0F6E8E8F8ADA5968DB21C2 /* NotificationService.swift in Sources */,
				60C2E35CE35FEA13BBECB005 /* NotionService.swift in Sources */,
				CE67117CAFC02BE675D37B67 /* ObsidianService.swift in Sources */,
				454505233B70E8234667734E /* OnboardingCompleteView.swift in Sources */,
				275B6E00406F18ECBF29EA34 /* PaywallView.swift in Sources */,
				70849E13A9A45DEE1B248606 /* PlanFormat.swift in Sources */,
				A6D9BD7C7ED985DED7045432 /* PlanGenerator.swift in Sources */,
				ABA8A64FD3BF98840F07A44A /* PlannedAction.swift in Sources */,
				B656409BAC69666EA0046B54 /* PremiumGateService.swift in Sources */,
				881E5E27FE3684D31251CB79 /* PriorityListView.swift in Sources */,
				1B9416E7F33F9795521C5481 /* PulseScoreCalculator.swift in Sources */,
				6096EDCF76376AF5B685B038 /* PulseScoreView.swift in Sources */,
				02B10DD492BB40E914814603 /* QuickStatsView.swift in Sources */,
				25BCD30136EDBDDADB9F9EBA /* ReflectView.swift in Sources */,
				B7CF693AF84AC25D8745E33D /* Reflection.swift in Sources */,
				013BBFA03FB4FBAEC49AEC68 /* ReflectionFormView.swift in Sources */,
				F672462D0640E3EB97773133 /* RootView.swift in Sources */,
				17E6E11A685678AE4A8BEFCC /* ScaffoldingService.swift in Sources */,
				C5216B8C9D1BEE1A9BD482EF /* ScreenTimeService.swift in Sources */,
				B98436EEC2041FD122703B60 /* SettingsView.swift in Sources */,
				C3DB89D255DEBA07C3919307 /* SingleActionView.swift in Sources */,
				4BDDB06FAAC8CF015BBE0565 /* SkipAnalysisService.swift in Sources */,
				0E52B9416614A9425F2A8FBE /* SnapshotBuilder.swift in Sources */,
				DD346661F70EA3838978CC92 /* Streak.swift in Sources */,
				FA51486D160E2D60E98F332C /* StreakService.swift in Sources */,
				636A5873CB39E24586D37034 /* SubscriptionService.swift in Sources */,
				F1C4D073F65A527E6EF02EEF /* ThemeSetupView.swift in Sources */,
				8A6263086A34BF80EAFE1BDA /* TodayView.swift in Sources */,
				BF7B417354D625B13969A6E5 /* UserProfile.swift in Sources */,
				3F0A99685AE6C9DB9DCE79E2 /* WeeklyReviewView.swift in Sources */,
				51F95F75A464BD2C74FB13FC /* WelcomeView.swift in Sources */,
				2CABC22C4FB5FEFC5B6AF2CC /* WorkStylePickerView.swift in Sources */,
				F814CCC16A1F7D15B6E7D7FF /* WorkStylePreference.swift in Sources */,
			);
			runOnlyForDeploymentPostprocessing = 0;
		};
		745667EA3D2E84C7B4273A4B /* Sources */ = {
			isa = PBXSourcesBuildPhase;
			buildActionMask = 2147483647;
			files = (
				2388185131310E0E214A881F /* DeviceActivityMonitorExtension.swift in Sources */,
			);
			runOnlyForDeploymentPostprocessing = 0;
		};
		B37CE8328F80A38529394357 /* Sources */ = {
			isa = PBXSourcesBuildPhase;
			buildActionMask = 2147483647;
			files = (
				B6286A73918220AECC1C2831 /* CoreAssessmentTests.swift in Sources */,
				D3D00C97CE252AAFFE9F4B1C /* DimensionScoreCalculatorTests.swift in Sources */,
				C76B5C540C4F5784CCF0EE62 /* GoalDomainTests.swift in Sources */,
				9CBF25DB0868CBD90EF3B53B /* GoalHealthServiceTests.swift in Sources */,
				523116C7FB5732C11AF149E1 /* GoalTests.swift in Sources */,
				74DF8BD7BF6CFCD9028DB781 /* PlanGeneratorTests.swift in Sources */,
				95AB685CED015CDD01A32795 /* PulseScoreCalculatorTests.swift in Sources */,
				637813F66460983915A480D0 /* SanityTests.swift in Sources */,
				A7828F695E2ECB9451312FD3 /* SnapshotBuilderTests.swift in Sources */,
			);
			runOnlyForDeploymentPostprocessing = 0;
		};
/* End PBXSourcesBuildPhase section */

/* Begin PBXTargetDependency section */
		D38CDAE4F6E96E9CA26B4595 /* PBXTargetDependency */ = {
			isa = PBXTargetDependency;
			target = C509A9FC71A7CED2FCA21F3A /* ambidash */;
			targetProxy = 43827592A6A9DFDA07CEBD40 /* PBXContainerItemProxy */;
		};
/* End PBXTargetDependency section */

/* Begin XCBuildConfiguration section */
		44A375E8D26E6624193CE831 /* Debug */ = {
			isa = XCBuildConfiguration;
			buildSettings = {
				ASSETCATALOG_COMPILER_APPICON_NAME = AppIcon;
				CODE_SIGN_ENTITLEMENTS = ambidash/ambidash.entitlements;
				CODE_SIGN_IDENTITY = "iPhone Developer";
				GENERATE_INFOPLIST_FILE = YES;
				INFOPLIST_KEY_NSCalendarsFullAccessUsageDescription = "ambidash reads your calendar to find free time for your daily action plan and understand how you spend your time.";
				INFOPLIST_KEY_NSHealthShareUsageDescription = "ambidash reads your health data (sleep, steps, workouts, heart rate) to power your self-awareness dashboard and personalize your daily plan.";
				INFOPLIST_KEY_NSHealthUpdateUsageDescription = "ambidash does not write health data.";
				INFOPLIST_KEY_NSRemindersFullAccessUsageDescription = "ambidash reads your reminders to understand what tasks are on your mind.";
				INFOPLIST_KEY_UIApplicationSceneManifest_Generation = YES;
				INFOPLIST_KEY_UIApplicationSupportsIndirectInputEvents = YES;
				INFOPLIST_KEY_UILaunchScreen_Generation = YES;
				INFOPLIST_KEY_UISupportedInterfaceOrientations_iPad = "UIInterfaceOrientationPortrait UIInterfaceOrientationPortraitUpsideDown UIInterfaceOrientationLandscapeLeft UIInterfaceOrientationLandscapeRight";
				INFOPLIST_KEY_UISupportedInterfaceOrientations_iPhone = UIInterfaceOrientationPortrait;
				LD_RUNPATH_SEARCH_PATHS = (
					"$(inherited)",
					"@executable_path/Frameworks",
				);
				PRODUCT_BUNDLE_IDENTIFIER = com.ambidash.app;
				SDKROOT = iphoneos;
				SWIFT_EMIT_LOC_STRINGS = YES;
				TARGETED_DEVICE_FAMILY = "1,2";
			};
			name = Debug;
		};
		799311AEE718B0ABABF48523 /* Release */ = {
			isa = XCBuildConfiguration;
			buildSettings = {
				INFOPLIST_FILE = "ambidash-monitor/Info.plist";
				LD_RUNPATH_SEARCH_PATHS = (
					"$(inherited)",
					"@executable_path/Frameworks",
					"@executable_path/../../Frameworks",
				);
				PRODUCT_BUNDLE_IDENTIFIER = com.ambidash.app.monitor;
				SDKROOT = iphoneos;
				TARGETED_DEVICE_FAMILY = "1,2";
			};
			name = Release;
		};
		7F725722D4D7633678FABDF9 /* Release */ = {
			isa = XCBuildConfiguration;
			buildSettings = {
				BUNDLE_LOADER = "$(TEST_HOST)";
				GENERATE_INFOPLIST_FILE = YES;
				LD_RUNPATH_SEARCH_PATHS = (
					"$(inherited)",
					"@executable_path/Frameworks",
					"@loader_path/Frameworks",
				);
				PRODUCT_BUNDLE_IDENTIFIER = com.ambidash.app.tests;
				SDKROOT = iphoneos;
				TARGETED_DEVICE_FAMILY = "1,2";
				TEST_HOST = "$(BUILT_PRODUCTS_DIR)/ambidash.app/ambidash";
			};
			name = Release;
		};
		806CC4D9E98B59B510CA1D4D /* Release */ = {
			isa = XCBuildConfiguration;
			buildSettings = {
				ASSETCATALOG_COMPILER_APPICON_NAME = AppIcon;
				CODE_SIGN_ENTITLEMENTS = ambidash/ambidash.entitlements;
				CODE_SIGN_IDENTITY = "iPhone Developer";
				GENERATE_INFOPLIST_FILE = YES;
				INFOPLIST_KEY_NSCalendarsFullAccessUsageDescription = "ambidash reads your calendar to find free time for your daily action plan and understand how you spend your time.";
				INFOPLIST_KEY_NSHealthShareUsageDescription = "ambidash reads your health data (sleep, steps, workouts, heart rate) to power your self-awareness dashboard and personalize your daily plan.";
				INFOPLIST_KEY_NSHealthUpdateUsageDescription = "ambidash does not write health data.";
				INFOPLIST_KEY_NSRemindersFullAccessUsageDescription = "ambidash reads your reminders to understand what tasks are on your mind.";
				INFOPLIST_KEY_UIApplicationSceneManifest_Generation = YES;
				INFOPLIST_KEY_UIApplicationSupportsIndirectInputEvents = YES;
				INFOPLIST_KEY_UILaunchScreen_Generation = YES;
				INFOPLIST_KEY_UISupportedInterfaceOrientations_iPad = "UIInterfaceOrientationPortrait UIInterfaceOrientationPortraitUpsideDown UIInterfaceOrientationLandscapeLeft UIInterfaceOrientationLandscapeRight";
				INFOPLIST_KEY_UISupportedInterfaceOrientations_iPhone = UIInterfaceOrientationPortrait;
				LD_RUNPATH_SEARCH_PATHS = (
					"$(inherited)",
					"@executable_path/Frameworks",
				);
				PRODUCT_BUNDLE_IDENTIFIER = com.ambidash.app;
				SDKROOT = iphoneos;
				SWIFT_EMIT_LOC_STRINGS = YES;
				TARGETED_DEVICE_FAMILY = "1,2";
			};
			name = Release;
		};
		9379865A9CAA6E6160FBCAE0 /* Release */ = {
			isa = XCBuildConfiguration;
			buildSettings = {
				ALWAYS_SEARCH_USER_PATHS = NO;
				CLANG_ANALYZER_NONNULL = YES;
				CLANG_ANALYZER_NUMBER_OBJECT_CONVERSION = YES_AGGRESSIVE;
				CLANG_CXX_LANGUAGE_STANDARD = "gnu++14";
				CLANG_CXX_LIBRARY = "libc++";
				CLANG_ENABLE_MODULES = YES;
				CLANG_ENABLE_OBJC_ARC = YES;
				CLANG_ENABLE_OBJC_WEAK = YES;
				CLANG_WARN_BLOCK_CAPTURE_AUTORELEASING = YES;
				CLANG_WARN_BOOL_CONVERSION = YES;
				CLANG_WARN_COMMA = YES;
				CLANG_WARN_CONSTANT_CONVERSION = YES;
				CLANG_WARN_DEPRECATED_OBJC_IMPLEMENTATIONS = YES;
				CLANG_WARN_DIRECT_OBJC_ISA_USAGE = YES_ERROR;
				CLANG_WARN_DOCUMENTATION_COMMENTS = YES;
				CLANG_WARN_EMPTY_BODY = YES;
				CLANG_WARN_ENUM_CONVERSION = YES;
				CLANG_WARN_INFINITE_RECURSION = YES;
				CLANG_WARN_INT_CONVERSION = YES;
				CLANG_WARN_NON_LITERAL_NULL_CONVERSION = YES;
				CLANG_WARN_OBJC_IMPLICIT_RETAIN_SELF = YES;
				CLANG_WARN_OBJC_LITERAL_CONVERSION = YES;
				CLANG_WARN_OBJC_ROOT_CLASS = YES_ERROR;
				CLANG_WARN_QUOTED_INCLUDE_IN_FRAMEWORK_HEADER = YES;
				CLANG_WARN_RANGE_LOOP_ANALYSIS = YES;
				CLANG_WARN_STRICT_PROTOTYPES = YES;
				CLANG_WARN_SUSPICIOUS_MOVE = YES;
				CLANG_WARN_UNGUARDED_AVAILABILITY = YES_AGGRESSIVE;
				CLANG_WARN_UNREACHABLE_CODE = YES;
				CLANG_WARN__DUPLICATE_METHOD_MATCH = YES;
				COPY_PHASE_STRIP = NO;
				DEBUG_INFORMATION_FORMAT = "dwarf-with-dsym";
				ENABLE_NS_ASSERTIONS = NO;
				ENABLE_STRICT_OBJC_MSGSEND = YES;
				GCC_C_LANGUAGE_STANDARD = gnu11;
				GCC_NO_COMMON_BLOCKS = YES;
				GCC_WARN_64_TO_32_BIT_CONVERSION = YES;
				GCC_WARN_ABOUT_RETURN_TYPE = YES_ERROR;
				GCC_WARN_UNDECLARED_SELECTOR = YES;
				GCC_WARN_UNINITIALIZED_AUTOS = YES_AGGRESSIVE;
				GCC_WARN_UNUSED_FUNCTION = YES;
				GCC_WARN_UNUSED_VARIABLE = YES;
				IPHONEOS_DEPLOYMENT_TARGET = 17.0;
				MTL_ENABLE_DEBUG_INFO = NO;
				MTL_FAST_MATH = YES;
				PRODUCT_NAME = "$(TARGET_NAME)";
				SDKROOT = iphoneos;
				SWIFT_COMPILATION_MODE = wholemodule;
				SWIFT_OPTIMIZATION_LEVEL = "-O";
				SWIFT_VERSION = 6.0;
			};
			name = Release;
		};
		C8731E67EE57F452CAC1A39D /* Debug */ = {
			isa = XCBuildConfiguration;
			buildSettings = {
				ALWAYS_SEARCH_USER_PATHS = NO;
				CLANG_ANALYZER_NONNULL = YES;
				CLANG_ANALYZER_NUMBER_OBJECT_CONVERSION = YES_AGGRESSIVE;
				CLANG_CXX_LANGUAGE_STANDARD = "gnu++14";
				CLANG_CXX_LIBRARY = "libc++";
				CLANG_ENABLE_MODULES = YES;
				CLANG_ENABLE_OBJC_ARC = YES;
				CLANG_ENABLE_OBJC_WEAK = YES;
				CLANG_WARN_BLOCK_CAPTURE_AUTORELEASING = YES;
				CLANG_WARN_BOOL_CONVERSION = YES;
				CLANG_WARN_COMMA = YES;
				CLANG_WARN_CONSTANT_CONVERSION = YES;
				CLANG_WARN_DEPRECATED_OBJC_IMPLEMENTATIONS = YES;
				CLANG_WARN_DIRECT_OBJC_ISA_USAGE = YES_ERROR;
				CLANG_WARN_DOCUMENTATION_COMMENTS = YES;
				CLANG_WARN_EMPTY_BODY = YES;
				CLANG_WARN_ENUM_CONVERSION = YES;
				CLANG_WARN_INFINITE_RECURSION = YES;
				CLANG_WARN_INT_CONVERSION = YES;
				CLANG_WARN_NON_LITERAL_NULL_CONVERSION = YES;
				CLANG_WARN_OBJC_IMPLICIT_RETAIN_SELF = YES;
				CLANG_WARN_OBJC_LITERAL_CONVERSION = YES;
				CLANG_WARN_OBJC_ROOT_CLASS = YES_ERROR;
				CLANG_WARN_QUOTED_INCLUDE_IN_FRAMEWORK_HEADER = YES;
				CLANG_WARN_RANGE_LOOP_ANALYSIS = YES;
				CLANG_WARN_STRICT_PROTOTYPES = YES;
				CLANG_WARN_SUSPICIOUS_MOVE = YES;
				CLANG_WARN_UNGUARDED_AVAILABILITY = YES_AGGRESSIVE;
				CLANG_WARN_UNREACHABLE_CODE = YES;
				CLANG_WARN__DUPLICATE_METHOD_MATCH = YES;
				COPY_PHASE_STRIP = NO;
				DEBUG_INFORMATION_FORMAT = dwarf;
				ENABLE_STRICT_OBJC_MSGSEND = YES;
				ENABLE_TESTABILITY = YES;
				GCC_C_LANGUAGE_STANDARD = gnu11;
				GCC_DYNAMIC_NO_PIC = NO;
				GCC_NO_COMMON_BLOCKS = YES;
				GCC_OPTIMIZATION_LEVEL = 0;
				GCC_PREPROCESSOR_DEFINITIONS = (
					"$(inherited)",
					"DEBUG=1",
				);
				GCC_WARN_64_TO_32_BIT_CONVERSION = YES;
				GCC_WARN_ABOUT_RETURN_TYPE = YES_ERROR;
				GCC_WARN_UNDECLARED_SELECTOR = YES;
				GCC_WARN_UNINITIALIZED_AUTOS = YES_AGGRESSIVE;
				GCC_WARN_UNUSED_FUNCTION = YES;
				GCC_WARN_UNUSED_VARIABLE = YES;
				IPHONEOS_DEPLOYMENT_TARGET = 17.0;
				MTL_ENABLE_DEBUG_INFO = INCLUDE_SOURCE;
				MTL_FAST_MATH = YES;
				ONLY_ACTIVE_ARCH = YES;
				PRODUCT_NAME = "$(TARGET_NAME)";
				SDKROOT = iphoneos;
				SWIFT_ACTIVE_COMPILATION_CONDITIONS = DEBUG;
				SWIFT_OPTIMIZATION_LEVEL = "-Onone";
				SWIFT_VERSION = 6.0;
			};
			name = Debug;
		};
		F1CA04AAE4D8D59B3CA9236D /* Debug */ = {
			isa = XCBuildConfiguration;
			buildSettings = {
				BUNDLE_LOADER = "$(TEST_HOST)";
				GENERATE_INFOPLIST_FILE = YES;
				LD_RUNPATH_SEARCH_PATHS = (
					"$(inherited)",
					"@executable_path/Frameworks",
					"@loader_path/Frameworks",
				);
				PRODUCT_BUNDLE_IDENTIFIER = com.ambidash.app.tests;
				SDKROOT = iphoneos;
				TARGETED_DEVICE_FAMILY = "1,2";
				TEST_HOST = "$(BUILT_PRODUCTS_DIR)/ambidash.app/ambidash";
			};
			name = Debug;
		};
		FEB54C356F6E27D515504135 /* Debug */ = {
			isa = XCBuildConfiguration;
			buildSettings = {
				INFOPLIST_FILE = "ambidash-monitor/Info.plist";
				LD_RUNPATH_SEARCH_PATHS = (
					"$(inherited)",
					"@executable_path/Frameworks",
					"@executable_path/../../Frameworks",
				);
				PRODUCT_BUNDLE_IDENTIFIER = com.ambidash.app.monitor;
				SDKROOT = iphoneos;
				TARGETED_DEVICE_FAMILY = "1,2";
			};
			name = Debug;
		};
/* End XCBuildConfiguration section */

/* Begin XCConfigurationList section */
		A7132BA19ADAF6F36086BE80 /* Build configuration list for PBXNativeTarget "ambidash-monitor" */ = {
			isa = XCConfigurationList;
			buildConfigurations = (
				FEB54C356F6E27D515504135 /* Debug */,
				799311AEE718B0ABABF48523 /* Release */,
			);
			defaultConfigurationIsVisible = 0;
			defaultConfigurationName = Debug;
		};
		B6A812A2FED503F0BC856D73 /* Build configuration list for PBXNativeTarget "ambidash" */ = {
			isa = XCConfigurationList;
			buildConfigurations = (
				44A375E8D26E6624193CE831 /* Debug */,
				806CC4D9E98B59B510CA1D4D /* Release */,
			);
			defaultConfigurationIsVisible = 0;
			defaultConfigurationName = Debug;
		};
		B9C5711E1001E4923C5F6A47 /* Build configuration list for PBXProject "ambidash" */ = {
			isa = XCConfigurationList;
			buildConfigurations = (
				C8731E67EE57F452CAC1A39D /* Debug */,
				9379865A9CAA6E6160FBCAE0 /* Release */,
			);
			defaultConfigurationIsVisible = 0;
			defaultConfigurationName = Debug;
		};
		C9690FE68EE276A86AC32F1F /* Build configuration list for PBXNativeTarget "ambidashTests" */ = {
			isa = XCConfigurationList;
			buildConfigurations = (
				F1CA04AAE4D8D59B3CA9236D /* Debug */,
				7F725722D4D7633678FABDF9 /* Release */,
			);
			defaultConfigurationIsVisible = 0;
			defaultConfigurationName = Debug;
		};
/* End XCConfigurationList section */
	};
	rootObject = 021C71ADDCFCB90366084403 /* Project object */;
}
